
Microsoft Visual Studio Solution File, Format Version 12.00
# Visual Studio Version 17
VisualStudioVersion = 17.11.35222.181
MinimumVisualStudioVersion = 10.0.40219.1
Project("{FAE04EC0-301F-11D3-BF4B-00C04F79EFBC}") = "PhanHeHTQT", "PhanHeHTQT\PhanHeHTQT.csproj", "{2A12128D-408C-4092-975A-3B3EEB8BC5FD}"
EndProject
Global
	GlobalSection(SolutionConfigurationPlatforms) = preSolution
		Debug|Any CPU = Debug|Any CPU
		Release|Any CPU = Release|Any CPU
	EndGlobalSection
	GlobalSection(ProjectConfigurationPlatforms) = postSolution
		{2A12128D-408C-4092-975A-3B3EEB8BC5FD}.Debug|Any CPU.ActiveCfg = Debug|Any CPU
		{2A12128D-408C-4092-975A-3B3EEB8BC5FD}.Debug|Any CPU.Build.0 = Debug|Any CPU
		{2A12128D-408C-4092-975A-3B3EEB8BC5FD}.Release|Any CPU.ActiveCfg = Release|Any CPU
		{2A12128D-408C-4092-975A-3B3EEB8BC5FD}.Release|Any CPU.Build.0 = Release|Any CPU
	EndGlobalSection
	GlobalSection(SolutionProperties) = preSolution
		HideSolutionNode = FALSE
	EndGlobalSection
	GlobalSection(ExtensibilityGlobals) = postSolution
		SolutionGuid = {1382F11A-E552-4D27-AFA5-4F631AFF184D}
	EndGlobalSection
EndGlobal
